
Microsoft Visual Studio Solution File, Format Version 12.00
# Visual Studio Version 17
VisualStudioVersion = 17.7.34031.279
MinimumVisualStudioVersion = 10.0.40219.1
Project("{FAE04EC0-301F-11D3-BF4B-00C04F79EFBC}") = "LanguageSchool", "LanguageSchool\LanguageSchool.csproj", "{FD294F03-9B05-48CF-99F6-6D527A1C16EA}"
EndProject
Global
	GlobalSection(SolutionConfigurationPlatforms) = preSolution
		Debug|Any CPU = Debug|Any CPU
		Release|Any CPU = Release|Any CPU
	EndGlobalSection
	GlobalSection(ProjectConfigurationPlatforms) = postSolution
		{FD294F03-9B05-48CF-99F6-6D527A1C16EA}.Debug|Any CPU.ActiveCfg = Debug|Any CPU
		{FD294F03-9B05-48CF-99F6-6D527A1C16EA}.Debug|Any CPU.Build.0 = Debug|Any CPU
		{FD294F03-9B05-48CF-99F6-6D527A1C16EA}.Release|Any CPU.ActiveCfg = Release|Any CPU
		{FD294F03-9B05-48CF-99F6-6D527A1C16EA}.Release|Any CPU.Build.0 = Release|Any CPU
	EndGlobalSection
	GlobalSection(SolutionProperties) = preSolution
		HideSolutionNode = FALSE
	EndGlobalSection
	GlobalSection(ExtensibilityGlobals) = postSolution
		SolutionGuid = {B01CEB49-4826-48F8-8D2F-61B279CD3F91}
	EndGlobalSection
EndGlobal
